// !$*UTF8*$!
{
	archiveVersion = 1;
	classes = {
	};
	objectVersion = 60;
	objects = {

/* Begin PBXBuildFile section */
		D98546912C210BC200B55BA2 /* AppDelegate.swift in Sources */ = {isa = PBXBuildFile; fileRef = D98546902C210BC200B55BA2 /* AppDelegate.swift */; };
		D98546932C210BC200B55BA2 /* SceneDelegate.swift in Sources */ = {isa = PBXBuildFile; fileRef = D98546922C210BC200B55BA2 /* SceneDelegate.swift */; };
		D98546952C210BC200B55BA2 /* ViewController.swift in Sources */ = {isa = PBXBuildFile; fileRef = D98546942C210BC200B55BA2 /* ViewController.swift */; };
		D98546982C210BC200B55BA2 /* Base in Resources */ = {isa = PBXBuildFile; fileRef = D98546972C210BC200B55BA2 /* Base */; };
		D985469A2C210BC300B55BA2 /* Assets.xcassets in Resources */ = {isa = PBXBuildFile; fileRef = D98546992C210BC300B55BA2 /* Assets.xcassets */; };
		D985469D2C210BC300B55BA2 /* Base in Resources */ = {isa = PBXBuildFile; fileRef = D985469C2C210BC300B55BA2 /* Base */; };
/* End PBXBuildFile section */

/* Begin PBXFileReference section */
		D985468D2C210BC200B55BA2 /* AVCaptureMetadataOutputObjectsDelegateConcurrency.app */ = {isa = PBXFileReference; explicitFileType = wrapper.application; includeInIndex = 0; path = AVCaptureMetadataOutputObjectsDelegateConcurrency.app; sourceTree = BUILT_PRODUCTS_DIR; };
		D98546902C210BC200B55BA2 /* AppDelegate.swift */ = {isa = PBXFileReference; lastKnownFileType = sourcecode.swift; path = AppDelegate.swift; sourceTree = "<group>"; };
		D98546922C210BC200B55BA2 /* SceneDelegate.swift */ = {isa = PBXFileReference; lastKnownFileType = sourcecode.swift; path = SceneDelegate.swift; sourceTree = "<group>"; };
		D98546942C210BC200B55BA2 /* ViewController.swift */ = {isa = PBXFileReference; lastKnownFileType = sourcecode.swift; path = ViewController.swift; sourceTree = "<group>"; };
		D98546972C210BC200B55BA2 /* Base */ = {isa = PBXFileReference; lastKnownFileType = file.storyboard; name = Base; path = Base.lproj/Main.storyboard; sourceTree = "<group>"; };
		D98546992C210BC300B55BA2 /* Assets.xcassets */ = {isa = PBXFileReference; lastKnownFileType = folder.assetcatalog; path = Assets.xcassets; sourceTree = "<group>"; };
		D985469C2C210BC300B55BA2 /* Base */ = {isa = PBXFileReference; lastKnownFileType = file.storyboard; name = Base; path = Base.lproj/LaunchScreen.storyboard; sourceTree = "<group>"; };
		D985469E2C210BC300B55BA2 /* Info.plist */ = {isa = PBXFileReference; lastKnownFileType = text.plist.xml; path = Info.plist; sourceTree = "<group>"; };
/* End PBXFileReference section */

/* Begin PBXFrameworksBuildPhase section */
		D985468A2C210BC200B55BA2 /* Frameworks */ = {
			isa = PBXFrameworksBuildPhase;
			buildActionMask = 2147483647;
			files = (
			);
			runOnlyForDeploymentPostprocessing = 0;
		};
/* End PBXFrameworksBuildPhase section */

/* Begin PBXGroup section */
		D98546842C210BC200B55BA2 = {
			isa = PBXGroup;
			children = (
				D985468F2C210BC200B55BA2 /* AVCaptureMetadataOutputObjectsDelegateConcurrency */,
				D985468E2C210BC200B55BA2 /* Products */,
			);
			sourceTree = "<group>";
		};
		D985468E2C210BC200B55BA2 /* Products */ = {
			isa = PBXGroup;
			children = (
				D985468D2C210BC200B55BA2 /* AVCaptureMetadataOutputObjectsDelegateConcurrency.app */,
			);
			name = Products;
			sourceTree = "<group>";
		};
		D985468F2C210BC200B55BA2 /* AVCaptureMetadataOutputObjectsDelegateConcurrency */ = {
			isa = PBXGroup;
			children = (
				D98546902C210BC200B55BA2 /* AppDelegate.swift */,
				D98546922C210BC200B55BA2 /* SceneDelegate.swift */,
				D98546942C210BC200B55BA2 /* ViewController.swift */,
				D98546962C210BC200B55BA2 /* Main.storyboard */,
				D98546992C210BC300B55BA2 /* Assets.xcassets */,
				D985469B2C210BC300B55BA2 /* LaunchScreen.storyboard */,
				D985469E2C210BC300B55BA2 /* Info.plist */,
			);
			path = AVCaptureMetadataOutputObjectsDelegateConcurrency;
			sourceTree = "<group>";
		};
/* End PBXGroup section */

/* Begin PBXNativeTarget section */
		D985468C2C210BC200B55BA2 /* AVCaptureMetadataOutputObjectsDelegateConcurrency */ = {
			isa = PBXNativeTarget;
			buildConfigurationList = D98546A12C210BC300B55BA2 /* Build configuration list for PBXNativeTarget "AVCaptureMetadataOutputObjectsDelegateConcurrency" */;
			buildPhases = (
				D98546892C210BC200B55BA2 /* Sources */,
				D985468A2C210BC200B55BA2 /* Frameworks */,
				D985468B2C210BC200B55BA2 /* Resources */,
			);
			buildRules = (
			);
			dependencies = (
			);
			name = AVCaptureMetadataOutputObjectsDelegateConcurrency;
			productName = AVCaptureMetadataOutputObjectsDelegateConcurrency;
			productReference = D985468D2C210BC200B55BA2 /* AVCaptureMetadataOutputObjectsDelegateConcurrency.app */;
			productType = "com.apple.product-type.application";
		};
/* End PBXNativeTarget section */

/* Begin PBXProject section */
		D98546852C210BC200B55BA2 /* Project object */ = {
			isa = PBXProject;
			attributes = {
				BuildIndependentTargetsInParallel = 1;
				LastSwiftUpdateCheck = 1600;
				LastUpgradeCheck = 1600;
				TargetAttributes = {
					D985468C2C210BC200B55BA2 = {
						CreatedOnToolsVersion = 16.0;
					};
				};
			};
			buildConfigurationList = D98546882C210BC200B55BA2 /* Build configuration list for PBXProject "AVCaptureMetadataOutputObjectsDelegateConcurrency" */;
			compatibilityVersion = "Xcode 15.0";
			developmentRegion = en;
			hasScannedForEncodings = 0;
			knownRegions = (
				en,
				Base,
			);
			mainGroup = D98546842C210BC200B55BA2;
			productRefGroup = D985468E2C210BC200B55BA2 /* Products */;
			projectDirPath = "";
			projectRoot = "";
			targets = (
				D985468C2C210BC200B55BA2 /* AVCaptureMetadataOutputObjectsDelegateConcurrency */,
			);
		};
/* End PBXProject section */

/* Begin PBXResourcesBuildPhase section */
		D985468B2C210BC200B55BA2 /* Resources */ = {
			isa = PBXResourcesBuildPhase;
			buildActionMask = 2147483647;
			files = (
				D985469A2C210BC300B55BA2 /* Assets.xcassets in Resources */,
				D985469D2C210BC300B55BA2 /* Base in Resources */,
				D98546982C210BC200B55BA2 /* Base in Resources */,
			);
			runOnlyForDeploymentPostprocessing = 0;
		};
/* End PBXResourcesBuildPhase section */

/* Begin PBXSourcesBuildPhase section */
		D98546892C210BC200B55BA2 /* Sources */ = {
			isa = PBXSourcesBuildPhase;
			buildActionMask = 2147483647;
			files = (
				D98546952C210BC200B55BA2 /* ViewController.swift in Sources */,
				D98546912C210BC200B55BA2 /* AppDelegate.swift in Sources */,
				D98546932C210BC200B55BA2 /* SceneDelegate.swift in Sources */,
			);
			runOnlyForDeploymentPostprocessing = 0;
		};
/* End PBXSourcesBuildPhase section */

/* Begin PBXVariantGroup section */
		D98546962C210BC200B55BA2 /* Main.storyboard */ = {
			isa = PBXVariantGroup;
			children = (
				D98546972C210BC200B55BA2 /* Base */,
			);
			name = Main.storyboard;
			sourceTree = "<group>";
		};
		D985469B2C210BC300B55BA2 /* LaunchScreen.storyboard */ = {
			isa = PBXVariantGroup;
			children = (
				D985469C2C210BC300B55BA2 /* Base */,
			);
			name = LaunchScreen.storyboard;
			sourceTree = "<group>";
		};
/* End PBXVariantGroup section */

/* Begin XCBuildConfiguration section */
		D985469F2C210BC300B55BA2 /* Debug */ = {
			isa = XCBuildConfiguration;
			buildSettings = {
				ALWAYS_SEARCH_USER_PATHS = NO;
				ASSETCATALOG_COMPILER_GENERATE_SWIFT_ASSET_SYMBOL_EXTENSIONS = YES;
				CLANG_ANALYZER_NONNULL = YES;
				CLANG_ANALYZER_NUMBER_OBJECT_CONVERSION = YES_AGGRESSIVE;
				CLANG_CXX_LANGUAGE_STANDARD = "gnu++20";
				CLANG_ENABLE_MODULES = YES;
				CLANG_ENABLE_OBJC_ARC = YES;
				CLANG_ENABLE_OBJC_WEAK = YES;
				CLANG_WARN_BLOCK_CAPTURE_AUTORELEASING = YES;
				CLANG_WARN_BOOL_CONVERSION = YES;
				CLANG_WARN_COMMA = YES;
				CLANG_WARN_CONSTANT_CONVERSION = YES;
				CLANG_WARN_DEPRECATED_OBJC_IMPLEMENTATIONS = YES;
				CLANG_WARN_DIRECT_OBJC_ISA_USAGE = YES_ERROR;
				CLANG_WARN_DOCUMENTATION_COMMENTS = YES;
				CLANG_WARN_EMPTY_BODY = YES;
				CLANG_WARN_ENUM_CONVERSION = YES;
				CLANG_WARN_INFINITE_RECURSION = YES;
				CLANG_WARN_INT_CONVERSION = YES;
				CLANG_WARN_NON_LITERAL_NULL_CONVERSION = YES;
				CLANG_WARN_OBJC_IMPLICIT_RETAIN_SELF = YES;
				CLANG_WARN_OBJC_LITERAL_CONVERSION = YES;
				CLANG_WARN_OBJC_ROOT_CLASS = YES_ERROR;
				CLANG_WARN_QUOTED_INCLUDE_IN_FRAMEWORK_HEADER = YES;
				CLANG_WARN_RANGE_LOOP_ANALYSIS = YES;
				CLANG_WARN_STRICT_PROTOTYPES = YES;
				CLANG_WARN_SUSPICIOUS_MOVE = YES;
				CLANG_WARN_UNGUARDED_AVAILABILITY = YES_AGGRESSIVE;
				CLANG_WARN_UNREACHABLE_CODE = YES;
				CLANG_WARN__DUPLICATE_METHOD_MATCH = YES;
				COPY_PHASE_STRIP = NO;
				DEBUG_INFORMATION_FORMAT = dwarf;
				ENABLE_STRICT_OBJC_MSGSEND = YES;
				ENABLE_TESTABILITY = YES;
				ENABLE_USER_SCRIPT_SANDBOXING = YES;
				GCC_C_LANGUAGE_STANDARD = gnu17;
				GCC_DYNAMIC_NO_PIC = NO;
				GCC_NO_COMMON_BLOCKS = YES;
				GCC_OPTIMIZATION_LEVEL = 0;
				GCC_PREPROCESSOR_DEFINITIONS = (
					"DEBUG=1",
					"$(inherited)",
				);
				GCC_WARN_64_TO_32_BIT_CONVERSION = YES;
				GCC_WARN_ABOUT_RETURN_TYPE = YES_ERROR;
				GCC_WARN_UNDECLARED_SELECTOR = YES;
				GCC_WARN_UNINITIALIZED_AUTOS = YES_AGGRESSIVE;
				GCC_WARN_UNUSED_FUNCTION = YES;
				GCC_WARN_UNUSED_VARIABLE = YES;
				IPHONEOS_DEPLOYMENT_TARGET = 18.0;
				LOCALIZATION_PREFERS_STRING_CATALOGS = YES;
				MTL_ENABLE_DEBUG_INFO = INCLUDE_SOURCE;
				MTL_FAST_MATH = YES;
				ONLY_ACTIVE_ARCH = YES;
				SDKROOT = iphoneos;
				SWIFT_ACTIVE_COMPILATION_CONDITIONS = "DEBUG $(inherited)";
				SWIFT_OPTIMIZATION_LEVEL = "-Onone";
			};
			name = Debug;
		};
		D98546A02C210BC300B55BA2 /* Release */ = {
			isa = XCBuildConfiguration;
			buildSettings = {
				ALWAYS_SEARCH_USER_PATHS = NO;
				ASSETCATALOG_COMPILER_GENERATE_SWIFT_ASSET_SYMBOL_EXTENSIONS = YES;
				CLANG_ANALYZER_NONNULL = YES;
				CLANG_ANALYZER_NUMBER_OBJECT_CONVERSION = YES_AGGRESSIVE;
				CLANG_CXX_LANGUAGE_STANDARD = "gnu++20";
				CLANG_ENABLE_MODULES = YES;
				CLANG_ENABLE_OBJC_ARC = YES;
				CLANG_ENABLE_OBJC_WEAK = YES;
				CLANG_WARN_BLOCK_CAPTURE_AUTORELEASING = YES;
				CLANG_WARN_BOOL_CONVERSION = YES;
				CLANG_WARN_COMMA = YES;
				CLANG_WARN_CONSTANT_CONVERSION = YES;
				CLANG_WARN_DEPRECATED_OBJC_IMPLEMENTATIONS = YES;
				CLANG_WARN_DIRECT_OBJC_ISA_USAGE = YES_ERROR;
				CLANG_WARN_DOCUMENTATION_COMMENTS = YES;
				CLANG_WARN_EMPTY_BODY = YES;
				CLANG_WARN_ENUM_CONVERSION = YES;
				CLANG_WARN_INFINITE_RECURSION = YES;
				CLANG_WARN_INT_CONVERSION = YES;
				CLANG_WARN_NON_LITERAL_NULL_CONVERSION = YES;
				CLANG_WARN_OBJC_IMPLICIT_RETAIN_SELF = YES;
				CLANG_WARN_OBJC_LITERAL_CONVERSION = YES;
				CLANG_WARN_OBJC_ROOT_CLASS = YES_ERROR;
				CLANG_WARN_QUOTED_INCLUDE_IN_FRAMEWORK_HEADER = YES;
				CLANG_WARN_RANGE_LOOP_ANALYSIS = YES;
				CLANG_WARN_STRICT_PROTOTYPES = YES;
				CLANG_WARN_SUSPICIOUS_MOVE = YES;
				CLANG_WARN_UNGUARDED_AVAILABILITY = YES_AGGRESSIVE;
				CLANG_WARN_UNREACHABLE_CODE = YES;
				CLANG_WARN__DUPLICATE_METHOD_MATCH = YES;
				COPY_PHASE_STRIP = NO;
				DEBUG_INFORMATION_FORMAT = "dwarf-with-dsym";
				ENABLE_NS_ASSERTIONS = NO;
				ENABLE_STRICT_OBJC_MSGSEND = YES;
				ENABLE_USER_SCRIPT_SANDBOXING = YES;
				GCC_C_LANGUAGE_STANDARD = gnu17;
				GCC_NO_COMMON_BLOCKS = YES;
				GCC_WARN_64_TO_32_BIT_CONVERSION = YES;
				GCC_WARN_ABOUT_RETURN_TYPE = YES_ERROR;
				GCC_WARN_UNDECLARED_SELECTOR = YES;
				GCC_WARN_UNINITIALIZED_AUTOS = YES_AGGRESSIVE;
				GCC_WARN_UNUSED_FUNCTION = YES;
				GCC_WARN_UNUSED_VARIABLE = YES;
				IPHONEOS_DEPLOYMENT_TARGET = 18.0;
				LOCALIZATION_PREFERS_STRING_CATALOGS = YES;
				MTL_ENABLE_DEBUG_INFO = NO;
				MTL_FAST_MATH = YES;
				SDKROOT = iphoneos;
				SWIFT_COMPILATION_MODE = wholemodule;
				VALIDATE_PRODUCT = YES;
			};
			name = Release;
		};
		D98546A22C210BC300B55BA2 /* Debug */ = {
			isa = XCBuildConfiguration;
			buildSettings = {
				ASSETCATALOG_COMPILER_APPICON_NAME = AppIcon;
				ASSETCATALOG_COMPILER_GLOBAL_ACCENT_COLOR_NAME = AccentColor;
				CODE_SIGN_STYLE = Automatic;
				CURRENT_PROJECT_VERSION = 1;
				DEVELOPMENT_TEAM = T2ABQ5MBH8;
				GENERATE_INFOPLIST_FILE = YES;
				INFOPLIST_FILE = AVCaptureMetadataOutputObjectsDelegateConcurrency/Info.plist;
				INFOPLIST_KEY_UIApplicationSupportsIndirectInputEvents = YES;
				INFOPLIST_KEY_UILaunchStoryboardName = LaunchScreen;
				INFOPLIST_KEY_UIMainStoryboardFile = Main;
				INFOPLIST_KEY_UISupportedInterfaceOrientations_iPad = "UIInterfaceOrientationPortrait UIInterfaceOrientationPortraitUpsideDown UIInterfaceOrientationLandscapeLeft UIInterfaceOrientationLandscapeRight";
				INFOPLIST_KEY_UISupportedInterfaceOrientations_iPhone = "UIInterfaceOrientationPortrait UIInterfaceOrientationLandscapeLeft UIInterfaceOrientationLandscapeRight";
				LD_RUNPATH_SEARCH_PATHS = (
					"$(inherited)",
					"@executable_path/Frameworks",
				);
				MARKETING_VERSION = 1.0;
				PRODUCT_BUNDLE_IDENTIFIER = uk.co.josephduffy.AVCaptureMetadataOutputObjectsDelegateConcurrency;
				PRODUCT_NAME = "$(TARGET_NAME)";
				SWIFT_EMIT_LOC_STRINGS = YES;
				SWIFT_VERSION = 5.0;
				TARGETED_DEVICE_FAMILY = "1,2";
			};
			name = Debug;
		};
		D98546A32C210BC300B55BA2 /* Release */ = {
			isa = XCBuildConfiguration;
			buildSettings = {
				ASSETCATALOG_COMPILER_APPICON_NAME = AppIcon;
				ASSETCATALOG_COMPILER_GLOBAL_ACCENT_COLOR_NAME = AccentColor;
				CODE_SIGN_STYLE = Automatic;
				CURRENT_PROJECT_VERSION = 1;
				DEVELOPMENT_TEAM = T2ABQ5MBH8;
				GENERATE_INFOPLIST_FILE = YES;
				INFOPLIST_FILE = AVCaptureMetadataOutputObjectsDelegateConcurrency/Info.plist;
				INFOPLIST_KEY_UIApplicationSupportsIndirectInputEvents = YES;
				INFOPLIST_KEY_UILaunchStoryboardName = LaunchScreen;
				INFOPLIST_KEY_UIMainStoryboardFile = Main;
				INFOPLIST_KEY_UISupportedInterfaceOrientations_iPad = "UIInterfaceOrientationPortrait UIInterfaceOrientationPortraitUpsideDown UIInterfaceOrientationLandscapeLeft UIInterfaceOrientationLandscapeRight";
				INFOPLIST_KEY_UISupportedInterfaceOrientations_iPhone = "UIInterfaceOrientationPortrait UIInterfaceOrientationLandscapeLeft UIInterfaceOrientationLandscapeRight";
				LD_RUNPATH_SEARCH_PATHS = (
					"$(inherited)",
					"@executable_path/Frameworks",
				);
				MARKETING_VERSION = 1.0;
				PRODUCT_BUNDLE_IDENTIFIER = uk.co.josephduffy.AVCaptureMetadataOutputObjectsDelegateConcurrency;
				PRODUCT_NAME = "$(TARGET_NAME)";
				SWIFT_EMIT_LOC_STRINGS = YES;
				SWIFT_VERSION = 5.0;
				TARGETED_DEVICE_FAMILY = "1,2";
			};
			name = Release;
		};
/* End XCBuildConfiguration section */

/* Begin XCConfigurationList section */
		D98546882C210BC200B55BA2 /* Build configuration list for PBXProject "AVCaptureMetadataOutputObjectsDelegateConcurrency" */ = {
			isa = XCConfigurationList;
			buildConfigurations = (
				D985469F2C210BC300B55BA2 /* Debug */,
				D98546A02C210BC300B55BA2 /* Release */,
			);
			defaultConfigurationIsVisible = 0;
			defaultConfigurationName = Release;
		};
		D98546A12C210BC300B55BA2 /* Build configuration list for PBXNativeTarget "AVCaptureMetadataOutputObjectsDelegateConcurrency" */ = {
			isa = XCConfigurationList;
			buildConfigurations = (
				D98546A22C210BC300B55BA2 /* Debug */,
				D98546A32C210BC300B55BA2 /* Release */,
			);
			defaultConfigurationIsVisible = 0;
			defaultConfigurationName = Release;
		};
/* End XCConfigurationList section */
	};
	rootObject = D98546852C210BC200B55BA2 /* Project object */;
}
